
Microsoft Visual Studio Solution File, Format Version 12.00
# Visual Studio 15
VisualStudioVersion = 15.0.28010.2016
MinimumVisualStudioVersion = 10.0.40219.1
Project("{FAE04EC0-301F-11D3-BF4B-00C04F79EFBC}") = "PROG8170_Assignment02", "PROG8170_Assignment02\PROG8170_Assignment02.csproj", "{FA209259-7528-44BA-953D-BEDC21B7CE2D}"
EndProject
Global
	GlobalSection(SolutionConfigurationPlatforms) = preSolution
		Debug|Any CPU = Debug|Any CPU
		Release|Any CPU = Release|Any CPU
	EndGlobalSection
	GlobalSection(ProjectConfigurationPlatforms) = postSolution
		{FA209259-7528-44BA-953D-BEDC21B7CE2D}.Debug|Any CPU.ActiveCfg = Debug|Any CPU
		{FA209259-7528-44BA-953D-BEDC21B7CE2D}.Debug|Any CPU.Build.0 = Debug|Any CPU
		{FA209259-7528-44BA-953D-BEDC21B7CE2D}.Release|Any CPU.ActiveCfg = Release|Any CPU
		{FA209259-7528-44BA-953D-BEDC21B7CE2D}.Release|Any CPU.Build.0 = Release|Any CPU
	EndGlobalSection
	GlobalSection(SolutionProperties) = preSolution
		HideSolutionNode = FALSE
	EndGlobalSection
	GlobalSection(ExtensibilityGlobals) = postSolution
		SolutionGuid = {78C22573-7D61-42EB-9745-158FC65E83FB}
	EndGlobalSection
EndGlobal
